
Microsoft Visual Studio Solution File, Format Version 12.00
# Visual Studio 2015
Project("{FAE04EC0-301F-11D3-BF4B-00C04F79EFBC}") = "IAJ Lab 7.CSharp", "IAJ Lab 7.CSharp.csproj", "{2389424B-C32B-68C9-E3DB-38ED4E82AA17}"
EndProject
Project("{FAE04EC0-301F-11D3-BF4B-00C04F79EFBC}") = "IAJ Lab 7.CSharp.Editor", "IAJ Lab 7.CSharp.Editor.csproj", "{052494D0-2A9A-6A47-1719-77DF0D2982FE}"
EndProject
Global
	GlobalSection(SolutionConfigurationPlatforms) = preSolution
		Debug|Any CPU = Debug|Any CPU
		Release|Any CPU = Release|Any CPU
	EndGlobalSection
	GlobalSection(ProjectConfigurationPlatforms) = postSolution
		{2389424B-C32B-68C9-E3DB-38ED4E82AA17}.Debug|Any CPU.ActiveCfg = Debug|Any CPU
		{2389424B-C32B-68C9-E3DB-38ED4E82AA17}.Debug|Any CPU.Build.0 = Debug|Any CPU
		{2389424B-C32B-68C9-E3DB-38ED4E82AA17}.Release|Any CPU.ActiveCfg = Release|Any CPU
		{2389424B-C32B-68C9-E3DB-38ED4E82AA17}.Release|Any CPU.Build.0 = Release|Any CPU
		{052494D0-2A9A-6A47-1719-77DF0D2982FE}.Debug|Any CPU.ActiveCfg = Debug|Any CPU
		{052494D0-2A9A-6A47-1719-77DF0D2982FE}.Debug|Any CPU.Build.0 = Debug|Any CPU
		{052494D0-2A9A-6A47-1719-77DF0D2982FE}.Release|Any CPU.ActiveCfg = Release|Any CPU
		{052494D0-2A9A-6A47-1719-77DF0D2982FE}.Release|Any CPU.Build.0 = Release|Any CPU
	EndGlobalSection
	GlobalSection(SolutionProperties) = preSolution
		HideSolutionNode = FALSE
	EndGlobalSection
EndGlobal
